// !$*UTF8*$!
{
	archiveVersion = 1;
	classes = {
	};
	objectVersion = 50;
	objects = {

/* Begin PBXBuildFile section */
		8C091968639955A1A025D2A6 /* libPods-BaseObject.a in Frameworks */ = {isa = PBXBuildFile; fileRef = 1F3CC2998A7DDBF25B9EEE66 /* libPods-BaseObject.a */; };
		E53787CD2108596000C0DE44 /* AppDelegate.m in Sources */ = {isa = PBXBuildFile; fileRef = E53787CC2108596000C0DE44 /* AppDelegate.m */; };
		E53787D02108596000C0DE44 /* ViewController.m in Sources */ = {isa = PBXBuildFile; fileRef = E53787CF2108596000C0DE44 /* ViewController.m */; };
		E53787D32108596000C0DE44 /* Main.storyboard in Resources */ = {isa = PBXBuildFile; fileRef = E53787D12108596000C0DE44 /* Main.storyboard */; };
		E53787D52108596300C0DE44 /* Assets.xcassets in Resources */ = {isa = PBXBuildFile; fileRef = E53787D42108596300C0DE44 /* Assets.xcassets */; };
		E53787D82108596300C0DE44 /* LaunchScreen.storyboard in Resources */ = {isa = PBXBuildFile; fileRef = E53787D62108596300C0DE44 /* LaunchScreen.storyboard */; };
		E53787DB2108596400C0DE44 /* main.m in Sources */ = {isa = PBXBuildFile; fileRef = E53787DA2108596400C0DE44 /* main.m */; };
		E53787E52108598D00C0DE44 /* ViewController1.m in Sources */ = {isa = PBXBuildFile; fileRef = E53787E42108598D00C0DE44 /* ViewController1.m */; };
		E53787E82108599600C0DE44 /* ViewController2.m in Sources */ = {isa = PBXBuildFile; fileRef = E53787E72108599600C0DE44 /* ViewController2.m */; };
		E53787EB2108599D00C0DE44 /* ViewController3.m in Sources */ = {isa = PBXBuildFile; fileRef = E53787EA2108599D00C0DE44 /* ViewController3.m */; };
		E53787EE21085A5500C0DE44 /* MPCBaseVC.m in Sources */ = {isa = PBXBuildFile; fileRef = E53787EC21085A5300C0DE44 /* MPCBaseVC.m */; };
		E53787F121085A7D00C0DE44 /* UIView+Catrgory.m in Sources */ = {isa = PBXBuildFile; fileRef = E53787EF21085A7C00C0DE44 /* UIView+Catrgory.m */; };
		E53787F521085C1200C0DE44 /* UIColor+Category.m in Sources */ = {isa = PBXBuildFile; fileRef = E53787F321085C1000C0DE44 /* UIColor+Category.m */; };
		E53787FA21085CEC00C0DE44 /* MPCHomeTabbarVC.m in Sources */ = {isa = PBXBuildFile; fileRef = E53787F921085CEC00C0DE44 /* MPCHomeTabbarVC.m */; };
		E53787FD21085D4400C0DE44 /* MPCHomeTableItem.m in Sources */ = {isa = PBXBuildFile; fileRef = E53787FC21085D4400C0DE44 /* MPCHomeTableItem.m */; };
		E537880021085FD100C0DE44 /* RTNavigationController.m in Sources */ = {isa = PBXBuildFile; fileRef = E53787FE21085FD000C0DE44 /* RTNavigationController.m */; };
		E537880E2108656A00C0DE44 /* tabbar_icon_1@3x.png in Resources */ = {isa = PBXBuildFile; fileRef = E53788022108655B00C0DE44 /* tabbar_icon_1@3x.png */; };
		E537880F2108656A00C0DE44 /* tabbar_icon_3_sel@3x.png in Resources */ = {isa = PBXBuildFile; fileRef = E53788032108655C00C0DE44 /* tabbar_icon_3_sel@3x.png */; };
		E53788102108656A00C0DE44 /* tabbar_icon_3@2x.png in Resources */ = {isa = PBXBuildFile; fileRef = E53788042108655D00C0DE44 /* tabbar_icon_3@2x.png */; };
		E53788112108656A00C0DE44 /* tabbar_icon_2_sel@3x.png in Resources */ = {isa = PBXBuildFile; fileRef = E53788052108655E00C0DE44 /* tabbar_icon_2_sel@3x.png */; };
		E53788122108656A00C0DE44 /* tabbar_icon_1_sel@3x.png in Resources */ = {isa = PBXBuildFile; fileRef = E53788062108656000C0DE44 /* tabbar_icon_1_sel@3x.png */; };
		E53788132108656A00C0DE44 /* tabbar_icon_2@2x.png in Resources */ = {isa = PBXBuildFile; fileRef = E53788072108656100C0DE44 /* tabbar_icon_2@2x.png */; };
		E53788142108656A00C0DE44 /* tabbar_icon_1@2x.png in Resources */ = {isa = PBXBuildFile; fileRef = E53788082108656300C0DE44 /* tabbar_icon_1@2x.png */; };
		E53788152108656A00C0DE44 /* tabbar_icon_2@3x.png in Resources */ = {isa = PBXBuildFile; fileRef = E53788092108656400C0DE44 /* tabbar_icon_2@3x.png */; };
		E53788162108656A00C0DE44 /* tabbar_icon_3@3x.png in Resources */ = {isa = PBXBuildFile; fileRef = E537880A2108656500C0DE44 /* tabbar_icon_3@3x.png */; };
		E53788172108656A00C0DE44 /* tabbar_icon_1_sel@2x.png in Resources */ = {isa = PBXBuildFile; fileRef = E537880B2108656700C0DE44 /* tabbar_icon_1_sel@2x.png */; };
		E53788182108656A00C0DE44 /* tabbar_icon_3_sel@2x.png in Resources */ = {isa = PBXBuildFile; fileRef = E537880C2108656800C0DE44 /* tabbar_icon_3_sel@2x.png */; };
		E53788192108656A00C0DE44 /* tabbar_icon_2_sel@2x.png in Resources */ = {isa = PBXBuildFile; fileRef = E537880D2108656900C0DE44 /* tabbar_icon_2_sel@2x.png */; };
		E53788202108715300C0DE44 /* FMHTTPClient.m in Sources */ = {isa = PBXBuildFile; fileRef = E537881E2108715300C0DE44 /* FMHTTPClient.m */; };
		E53788212108715300C0DE44 /* YQWebRequest.m in Sources */ = {isa = PBXBuildFile; fileRef = E537881F2108715300C0DE44 /* YQWebRequest.m */; };
/* End PBXBuildFile section */

/* Begin PBXFileReference section */
		1A4E206E0B3E8A73A2835178 /* Pods-BaseObject.debug.xcconfig */ = {isa = PBXFileReference; includeInIndex = 1; lastKnownFileType = text.xcconfig; name = "Pods-BaseObject.debug.xcconfig"; path = "Pods/Target Support Files/Pods-BaseObject/Pods-BaseObject.debug.xcconfig"; sourceTree = "<group>"; };
		1F3CC2998A7DDBF25B9EEE66 /* libPods-BaseObject.a */ = {isa = PBXFileReference; explicitFileType = archive.ar; includeInIndex = 0; path = "libPods-BaseObject.a"; sourceTree = BUILT_PRODUCTS_DIR; };
		86746219806DDB59F0C90635 /* Pods-BaseObject.release.xcconfig */ = {isa = PBXFileReference; includeInIndex = 1; lastKnownFileType = text.xcconfig; name = "Pods-BaseObject.release.xcconfig"; path = "Pods/Target Support Files/Pods-BaseObject/Pods-BaseObject.release.xcconfig"; sourceTree = "<group>"; };
		E53787C82108596000C0DE44 /* BaseObject.app */ = {isa = PBXFileReference; explicitFileType = wrapper.application; includeInIndex = 0; path = BaseObject.app; sourceTree = BUILT_PRODUCTS_DIR; };
		E53787CB2108596000C0DE44 /* AppDelegate.h */ = {isa = PBXFileReference; lastKnownFileType = sourcecode.c.h; path = AppDelegate.h; sourceTree = "<group>"; };
		E53787CC2108596000C0DE44 /* AppDelegate.m */ = {isa = PBXFileReference; lastKnownFileType = sourcecode.c.objc; path = AppDelegate.m; sourceTree = "<group>"; };
		E53787CE2108596000C0DE44 /* ViewController.h */ = {isa = PBXFileReference; lastKnownFileType = sourcecode.c.h; path = ViewController.h; sourceTree = "<group>"; };
		E53787CF2108596000C0DE44 /* ViewController.m */ = {isa = PBXFileReference; lastKnownFileType = sourcecode.c.objc; path = ViewController.m; sourceTree = "<group>"; };
		E53787D22108596000C0DE44 /* Base */ = {isa = PBXFileReference; lastKnownFileType = file.storyboard; name = Base; path = Base.lproj/Main.storyboard; sourceTree = "<group>"; };
		E53787D42108596300C0DE44 /* Assets.xcassets */ = {isa = PBXFileReference; lastKnownFileType = folder.assetcatalog; path = Assets.xcassets; sourceTree = "<group>"; };
		E53787D72108596300C0DE44 /* Base */ = {isa = PBXFileReference; lastKnownFileType = file.storyboard; name = Base; path = Base.lproj/LaunchScreen.storyboard; sourceTree = "<group>"; };
		E53787D92108596300C0DE44 /* Info.plist */ = {isa = PBXFileReference; lastKnownFileType = text.plist.xml; path = Info.plist; sourceTree = "<group>"; };
		E53787DA2108596400C0DE44 /* main.m */ = {isa = PBXFileReference; lastKnownFileType = sourcecode.c.objc; path = main.m; sourceTree = "<group>"; };
		E53787E32108598D00C0DE44 /* ViewController1.h */ = {isa = PBXFileReference; lastKnownFileType = sourcecode.c.h; path = ViewController1.h; sourceTree = "<group>"; };
		E53787E42108598D00C0DE44 /* ViewController1.m */ = {isa = PBXFileReference; lastKnownFileType = sourcecode.c.objc; path = ViewController1.m; sourceTree = "<group>"; };
		E53787E62108599600C0DE44 /* ViewController2.h */ = {isa = PBXFileReference; lastKnownFileType = sourcecode.c.h; path = ViewController2.h; sourceTree = "<group>"; };
		E53787E72108599600C0DE44 /* ViewController2.m */ = {isa = PBXFileReference; lastKnownFileType = sourcecode.c.objc; path = ViewController2.m; sourceTree = "<group>"; };
		E53787E92108599D00C0DE44 /* ViewController3.h */ = {isa = PBXFileReference; lastKnownFileType = sourcecode.c.h; path = ViewController3.h; sourceTree = "<group>"; };
		E53787EA2108599D00C0DE44 /* ViewController3.m */ = {isa = PBXFileReference; lastKnownFileType = sourcecode.c.objc; path = ViewController3.m; sourceTree = "<group>"; };
		E53787EC21085A5300C0DE44 /* MPCBaseVC.m */ = {isa = PBXFileReference; fileEncoding = 4; lastKnownFileType = sourcecode.c.objc; path = MPCBaseVC.m; sourceTree = "<group>"; };
		E53787ED21085A5500C0DE44 /* MPCBaseVC.h */ = {isa = PBXFileReference; fileEncoding = 4; lastKnownFileType = sourcecode.c.h; path = MPCBaseVC.h; sourceTree = "<group>"; };
		E53787EF21085A7C00C0DE44 /* UIView+Catrgory.m */ = {isa = PBXFileReference; fileEncoding = 4; lastKnownFileType = sourcecode.c.objc; path = "UIView+Catrgory.m"; sourceTree = "<group>"; };
		E53787F021085A7D00C0DE44 /* UIView+Catrgory.h */ = {isa = PBXFileReference; fileEncoding = 4; lastKnownFileType = sourcecode.c.h; path = "UIView+Catrgory.h"; sourceTree = "<group>"; };
		E53787F221085AF100C0DE44 /* PrefixHeader.pch */ = {isa = PBXFileReference; lastKnownFileType = sourcecode.c.h; path = PrefixHeader.pch; sourceTree = "<group>"; };
		E53787F321085C1000C0DE44 /* UIColor+Category.m */ = {isa = PBXFileReference; fileEncoding = 4; lastKnownFileType = sourcecode.c.objc; path = "UIColor+Category.m"; sourceTree = "<group>"; };
		E53787F421085C1200C0DE44 /* UIColor+Category.h */ = {isa = PBXFileReference; fileEncoding = 4; lastKnownFileType = sourcecode.c.h; path = "UIColor+Category.h"; sourceTree = "<group>"; };
		E53787F821085CEC00C0DE44 /* MPCHomeTabbarVC.h */ = {isa = PBXFileReference; lastKnownFileType = sourcecode.c.h; path = MPCHomeTabbarVC.h; sourceTree = "<group>"; };
		E53787F921085CEC00C0DE44 /* MPCHomeTabbarVC.m */ = {isa = PBXFileReference; lastKnownFileType = sourcecode.c.objc; path = MPCHomeTabbarVC.m; sourceTree = "<group>"; };
		E53787FB21085D4400C0DE44 /* MPCHomeTableItem.h */ = {isa = PBXFileReference; lastKnownFileType = sourcecode.c.h; path = MPCHomeTableItem.h; sourceTree = "<group>"; };
		E53787FC21085D4400C0DE44 /* MPCHomeTableItem.m */ = {isa = PBXFileReference; lastKnownFileType = sourcecode.c.objc; path = MPCHomeTableItem.m; sourceTree = "<group>"; };
		E53787FE21085FD000C0DE44 /* RTNavigationController.m */ = {isa = PBXFileReference; fileEncoding = 4; lastKnownFileType = sourcecode.c.objc; path = RTNavigationController.m; sourceTree = "<group>"; };
		E53787FF21085FD100C0DE44 /* RTNavigationController.h */ = {isa = PBXFileReference; fileEncoding = 4; lastKnownFileType = sourcecode.c.h; path = RTNavigationController.h; sourceTree = "<group>"; };
		E53788022108655B00C0DE44 /* tabbar_icon_1@3x.png */ = {isa = PBXFileReference; lastKnownFileType = image.png; path = "tabbar_icon_1@3x.png"; sourceTree = "<group>"; };
		E53788032108655C00C0DE44 /* tabbar_icon_3_sel@3x.png */ = {isa = PBXFileReference; lastKnownFileType = image.png; path = "tabbar_icon_3_sel@3x.png"; sourceTree = "<group>"; };
		E53788042108655D00C0DE44 /* tabbar_icon_3@2x.png */ = {isa = PBXFileReference; lastKnownFileType = image.png; path = "tabbar_icon_3@2x.png"; sourceTree = "<group>"; };
		E53788052108655E00C0DE44 /* tabbar_icon_2_sel@3x.png */ = {isa = PBXFileReference; lastKnownFileType = image.png; path = "tabbar_icon_2_sel@3x.png"; sourceTree = "<group>"; };
		E53788062108656000C0DE44 /* tabbar_icon_1_sel@3x.png */ = {isa = PBXFileReference; lastKnownFileType = image.png; path = "tabbar_icon_1_sel@3x.png"; sourceTree = "<group>"; };
		E53788072108656100C0DE44 /* tabbar_icon_2@2x.png */ = {isa = PBXFileReference; lastKnownFileType = image.png; path = "tabbar_icon_2@2x.png"; sourceTree = "<group>"; };
		E53788082108656300C0DE44 /* tabbar_icon_1@2x.png */ = {isa = PBXFileReference; lastKnownFileType = image.png; path = "tabbar_icon_1@2x.png"; sourceTree = "<group>"; };
		E53788092108656400C0DE44 /* tabbar_icon_2@3x.png */ = {isa = PBXFileReference; lastKnownFileType = image.png; path = "tabbar_icon_2@3x.png"; sourceTree = "<group>"; };
		E537880A2108656500C0DE44 /* tabbar_icon_3@3x.png */ = {isa = PBXFileReference; lastKnownFileType = image.png; path = "tabbar_icon_3@3x.png"; sourceTree = "<group>"; };
		E537880B2108656700C0DE44 /* tabbar_icon_1_sel@2x.png */ = {isa = PBXFileReference; lastKnownFileType = image.png; path = "tabbar_icon_1_sel@2x.png"; sourceTree = "<group>"; };
		E537880C2108656800C0DE44 /* tabbar_icon_3_sel@2x.png */ = {isa = PBXFileReference; lastKnownFileType = image.png; path = "tabbar_icon_3_sel@2x.png"; sourceTree = "<group>"; };
		E537880D2108656900C0DE44 /* tabbar_icon_2_sel@2x.png */ = {isa = PBXFileReference; lastKnownFileType = image.png; path = "tabbar_icon_2_sel@2x.png"; sourceTree = "<group>"; };
		E537881B2108715300C0DE44 /* FMHTTPClient.h */ = {isa = PBXFileReference; fileEncoding = 4; lastKnownFileType = sourcecode.c.h; path = FMHTTPClient.h; sourceTree = "<group>"; };
		E537881C2108715300C0DE44 /* GPAPIHeader.h */ = {isa = PBXFileReference; fileEncoding = 4; lastKnownFileType = sourcecode.c.h; path = GPAPIHeader.h; sourceTree = "<group>"; };
		E537881D2108715300C0DE44 /* YQWebRequest.h */ = {isa = PBXFileReference; fileEncoding = 4; lastKnownFileType = sourcecode.c.h; path = YQWebRequest.h; sourceTree = "<group>"; };
		E537881E2108715300C0DE44 /* FMHTTPClient.m */ = {isa = PBXFileReference; fileEncoding = 4; lastKnownFileType = sourcecode.c.objc; path = FMHTTPClient.m; sourceTree = "<group>"; };
		E537881F2108715300C0DE44 /* YQWebRequest.m */ = {isa = PBXFileReference; fileEncoding = 4; lastKnownFileType = sourcecode.c.objc; path = YQWebRequest.m; sourceTree = "<group>"; };
/* End PBXFileReference section */

/* Begin PBXFrameworksBuildPhase section */
		E53787C52108596000C0DE44 /* Frameworks */ = {
			isa = PBXFrameworksBuildPhase;
			buildActionMask = 2147483647;
			files = (
				8C091968639955A1A025D2A6 /* libPods-BaseObject.a in Frameworks */,
			);
			runOnlyForDeploymentPostprocessing = 0;
		};
/* End PBXFrameworksBuildPhase section */

/* Begin PBXGroup section */
		D775EAD641788AF1C5540E19 /* Frameworks */ = {
			isa = PBXGroup;
			children = (
				1F3CC2998A7DDBF25B9EEE66 /* libPods-BaseObject.a */,
			);
			name = Frameworks;
			sourceTree = "<group>";
		};
		DD876F719789DF4D4C561BCF /* Pods */ = {
			isa = PBXGroup;
			children = (
				1A4E206E0B3E8A73A2835178 /* Pods-BaseObject.debug.xcconfig */,
				86746219806DDB59F0C90635 /* Pods-BaseObject.release.xcconfig */,
			);
			name = Pods;
			sourceTree = "<group>";
		};
		E53787BF2108596000C0DE44 = {
			isa = PBXGroup;
			children = (
				E53787CA2108596000C0DE44 /* BaseObject */,
				E53787C92108596000C0DE44 /* Products */,
				DD876F719789DF4D4C561BCF /* Pods */,
				D775EAD641788AF1C5540E19 /* Frameworks */,
			);
			sourceTree = "<group>";
		};
		E53787C92108596000C0DE44 /* Products */ = {
			isa = PBXGroup;
			children = (
				E53787C82108596000C0DE44 /* BaseObject.app */,
			);
			name = Products;
			sourceTree = "<group>";
		};
		E53787CA2108596000C0DE44 /* BaseObject */ = {
			isa = PBXGroup;
			children = (
				E537881A2108715300C0DE44 /* WebRequest */,
				E53788012108655000C0DE44 /* image */,
				E53787E22108597900C0DE44 /* Tabbar&BaseVC */,
				E53787E12108596B00C0DE44 /* ViewController */,
				E53787CB2108596000C0DE44 /* AppDelegate.h */,
				E53787CC2108596000C0DE44 /* AppDelegate.m */,
				E53787CE2108596000C0DE44 /* ViewController.h */,
				E53787CF2108596000C0DE44 /* ViewController.m */,
				E53787D12108596000C0DE44 /* Main.storyboard */,
				E53787D42108596300C0DE44 /* Assets.xcassets */,
				E53787D62108596300C0DE44 /* LaunchScreen.storyboard */,
				E53787D92108596300C0DE44 /* Info.plist */,
				E53787DA2108596400C0DE44 /* main.m */,
				E53787F221085AF100C0DE44 /* PrefixHeader.pch */,
			);
			path = BaseObject;
			sourceTree = "<group>";
		};
		E53787E12108596B00C0DE44 /* ViewController */ = {
			isa = PBXGroup;
			children = (
				E53787E32108598D00C0DE44 /* ViewController1.h */,
				E53787E42108598D00C0DE44 /* ViewController1.m */,
				E53787E62108599600C0DE44 /* ViewController2.h */,
				E53787E72108599600C0DE44 /* ViewController2.m */,
				E53787E92108599D00C0DE44 /* ViewController3.h */,
				E53787EA2108599D00C0DE44 /* ViewController3.m */,
			);
			path = ViewController;
			sourceTree = "<group>";
		};
		E53787E22108597900C0DE44 /* Tabbar&BaseVC */ = {
			isa = PBXGroup;
			children = (
				E53787F721085CBA00C0DE44 /* HomeTabbar */,
				E53787F621085CA200C0DE44 /* BaseVC */,
			);
			path = "Tabbar&BaseVC";
			sourceTree = "<group>";
		};
		E53787F621085CA200C0DE44 /* BaseVC */ = {
			isa = PBXGroup;
			children = (
				E53787F021085A7D00C0DE44 /* UIView+Catrgory.h */,
				E53787EF21085A7C00C0DE44 /* UIView+Catrgory.m */,
				E53787F421085C1200C0DE44 /* UIColor+Category.h */,
				E53787F321085C1000C0DE44 /* UIColor+Category.m */,
				E53787ED21085A5500C0DE44 /* MPCBaseVC.h */,
				E53787EC21085A5300C0DE44 /* MPCBaseVC.m */,
			);
			path = BaseVC;
			sourceTree = "<group>";
		};
		E53787F721085CBA00C0DE44 /* HomeTabbar */ = {
			isa = PBXGroup;
			children = (
				E53787F821085CEC00C0DE44 /* MPCHomeTabbarVC.h */,
				E53787F921085CEC00C0DE44 /* MPCHomeTabbarVC.m */,
				E53787FB21085D4400C0DE44 /* MPCHomeTableItem.h */,
				E53787FC21085D4400C0DE44 /* MPCHomeTableItem.m */,
				E53787FF21085FD100C0DE44 /* RTNavigationController.h */,
				E53787FE21085FD000C0DE44 /* RTNavigationController.m */,
			);
			path = HomeTabbar;
			sourceTree = "<group>";
		};
		E53788012108655000C0DE44 /* image */ = {
			isa = PBXGroup;
			children = (
				E537880B2108656700C0DE44 /* tabbar_icon_1_sel@2x.png */,
				E53788062108656000C0DE44 /* tabbar_icon_1_sel@3x.png */,
				E53788082108656300C0DE44 /* tabbar_icon_1@2x.png */,
				E53788022108655B00C0DE44 /* tabbar_icon_1@3x.png */,
				E537880D2108656900C0DE44 /* tabbar_icon_2_sel@2x.png */,
				E53788052108655E00C0DE44 /* tabbar_icon_2_sel@3x.png */,
				E53788072108656100C0DE44 /* tabbar_icon_2@2x.png */,
				E53788092108656400C0DE44 /* tabbar_icon_2@3x.png */,
				E537880C2108656800C0DE44 /* tabbar_icon_3_sel@2x.png */,
				E53788032108655C00C0DE44 /* tabbar_icon_3_sel@3x.png */,
				E53788042108655D00C0DE44 /* tabbar_icon_3@2x.png */,
				E537880A2108656500C0DE44 /* tabbar_icon_3@3x.png */,
			);
			path = image;
			sourceTree = "<group>";
		};
		E537881A2108715300C0DE44 /* WebRequest */ = {
			isa = PBXGroup;
			children = (
				E537881B2108715300C0DE44 /* FMHTTPClient.h */,
				E537881E2108715300C0DE44 /* FMHTTPClient.m */,
				E537881C2108715300C0DE44 /* GPAPIHeader.h */,
				E537881D2108715300C0DE44 /* YQWebRequest.h */,
				E537881F2108715300C0DE44 /* YQWebRequest.m */,
			);
			path = WebRequest;
			sourceTree = "<group>";
		};
/* End PBXGroup section */

/* Begin PBXNativeTarget section */
		E53787C72108596000C0DE44 /* BaseObject */ = {
			isa = PBXNativeTarget;
			buildConfigurationList = E53787DE2108596400C0DE44 /* Build configuration list for PBXNativeTarget "BaseObject" */;
			buildPhases = (
				B41FAE19C537016F982E9611 /* [CP] Check Pods Manifest.lock */,
				E53787C42108596000C0DE44 /* Sources */,
				E53787C52108596000C0DE44 /* Frameworks */,
				E53787C62108596000C0DE44 /* Resources */,
				A8CB2B511C9C21DB18D61CC7 /* [CP] Embed Pods Frameworks */,
				7F3AE5F61B01FADA52E4411F /* [CP] Copy Pods Resources */,
			);
			buildRules = (
			);
			dependencies = (
			);
			name = BaseObject;
			productName = BaseObject;
			productReference = E53787C82108596000C0DE44 /* BaseObject.app */;
			productType = "com.apple.product-type.application";
		};
/* End PBXNativeTarget section */

/* Begin PBXProject section */
		E53787C02108596000C0DE44 /* Project object */ = {
			isa = PBXProject;
			attributes = {
				LastUpgradeCheck = 0930;
				ORGANIZATIONNAME = mopucheng;
				TargetAttributes = {
					E53787C72108596000C0DE44 = {
						CreatedOnToolsVersion = 9.3;
					};
				};
			};
			buildConfigurationList = E53787C32108596000C0DE44 /* Build configuration list for PBXProject "BaseObject" */;
			compatibilityVersion = "Xcode 9.3";
			developmentRegion = en;
			hasScannedForEncodings = 0;
			knownRegions = (
				en,
				Base,
			);
			mainGroup = E53787BF2108596000C0DE44;
			productRefGroup = E53787C92108596000C0DE44 /* Products */;
			projectDirPath = "";
			projectRoot = "";
			targets = (
				E53787C72108596000C0DE44 /* BaseObject */,
			);
		};
/* End PBXProject section */

/* Begin PBXResourcesBuildPhase section */
		E53787C62108596000C0DE44 /* Resources */ = {
			isa = PBXResourcesBuildPhase;
			buildActionMask = 2147483647;
			files = (
				E53787D82108596300C0DE44 /* LaunchScreen.storyboard in Resources */,
				E53787D52108596300C0DE44 /* Assets.xcassets in Resources */,
				E53788192108656A00C0DE44 /* tabbar_icon_2_sel@2x.png in Resources */,
				E537880E2108656A00C0DE44 /* tabbar_icon_1@3x.png in Resources */,
				E537880F2108656A00C0DE44 /* tabbar_icon_3_sel@3x.png in Resources */,
				E53787D32108596000C0DE44 /* Main.storyboard in Resources */,
				E53788152108656A00C0DE44 /* tabbar_icon_2@3x.png in Resources */,
				E53788182108656A00C0DE44 /* tabbar_icon_3_sel@2x.png in Resources */,
				E53788142108656A00C0DE44 /* tabbar_icon_1@2x.png in Resources */,
				E53788172108656A00C0DE44 /* tabbar_icon_1_sel@2x.png in Resources */,
				E53788122108656A00C0DE44 /* tabbar_icon_1_sel@3x.png in Resources */,
				E53788162108656A00C0DE44 /* tabbar_icon_3@3x.png in Resources */,
				E53788112108656A00C0DE44 /* tabbar_icon_2_sel@3x.png in Resources */,
				E53788132108656A00C0DE44 /* tabbar_icon_2@2x.png in Resources */,
				E53788102108656A00C0DE44 /* tabbar_icon_3@2x.png in Resources */,
			);
			runOnlyForDeploymentPostprocessing = 0;
		};
/* End PBXResourcesBuildPhase section */

/* Begin PBXShellScriptBuildPhase section */
		7F3AE5F61B01FADA52E4411F /* [CP] Copy Pods Resources */ = {
			isa = PBXShellScriptBuildPhase;
			buildActionMask = 2147483647;
			files = (
			);
			inputPaths = (
			);
			name = "[CP] Copy Pods Resources";
			outputPaths = (
			);
			runOnlyForDeploymentPostprocessing = 0;
			shellPath = /bin/sh;
			shellScript = "\"${SRCROOT}/Pods/Target Support Files/Pods-BaseObject/Pods-BaseObject-resources.sh\"\n";
			showEnvVarsInLog = 0;
		};
		A8CB2B511C9C21DB18D61CC7 /* [CP] Embed Pods Frameworks */ = {
			isa = PBXShellScriptBuildPhase;
			buildActionMask = 2147483647;
			files = (
			);
			inputPaths = (
			);
			name = "[CP] Embed Pods Frameworks";
			outputPaths = (
			);
			runOnlyForDeploymentPostprocessing = 0;
			shellPath = /bin/sh;
			shellScript = "\"${SRCROOT}/Pods/Target Support Files/Pods-BaseObject/Pods-BaseObject-frameworks.sh\"\n";
			showEnvVarsInLog = 0;
		};
		B41FAE19C537016F982E9611 /* [CP] Check Pods Manifest.lock */ = {
			isa = PBXShellScriptBuildPhase;
			buildActionMask = 2147483647;
			files = (
			);
			inputPaths = (
				"${PODS_PODFILE_DIR_PATH}/Podfile.lock",
				"${PODS_ROOT}/Manifest.lock",
			);
			name = "[CP] Check Pods Manifest.lock";
			outputPaths = (
				"$(DERIVED_FILE_DIR)/Pods-BaseObject-checkManifestLockResult.txt",
			);
			runOnlyForDeploymentPostprocessing = 0;
			shellPath = /bin/sh;
			shellScript = "diff \"${PODS_PODFILE_DIR_PATH}/Podfile.lock\" \"${PODS_ROOT}/Manifest.lock\" > /dev/null\nif [ $? != 0 ] ; then\n    # print error to STDERR\n    echo \"error: The sandbox is not in sync with the Podfile.lock. Run 'pod install' or update your CocoaPods installation.\" >&2\n    exit 1\nfi\n# This output is used by Xcode 'outputs' to avoid re-running this script phase.\necho \"SUCCESS\" > \"${SCRIPT_OUTPUT_FILE_0}\"\n";
			showEnvVarsInLog = 0;
		};
/* End PBXShellScriptBuildPhase section */

/* Begin PBXSourcesBuildPhase section */
		E53787C42108596000C0DE44 /* Sources */ = {
			isa = PBXSourcesBuildPhase;
			buildActionMask = 2147483647;
			files = (
				E53787EE21085A5500C0DE44 /* MPCBaseVC.m in Sources */,
				E53787E52108598D00C0DE44 /* ViewController1.m in Sources */,
				E53787FD21085D4400C0DE44 /* MPCHomeTableItem.m in Sources */,
				E53787FA21085CEC00C0DE44 /* MPCHomeTabbarVC.m in Sources */,
				E53788212108715300C0DE44 /* YQWebRequest.m in Sources */,
				E53787D02108596000C0DE44 /* ViewController.m in Sources */,
				E53787F121085A7D00C0DE44 /* UIView+Catrgory.m in Sources */,
				E53787EB2108599D00C0DE44 /* ViewController3.m in Sources */,
				E53787E82108599600C0DE44 /* ViewController2.m in Sources */,
				E53787DB2108596400C0DE44 /* main.m in Sources */,
				E537880021085FD100C0DE44 /* RTNavigationController.m in Sources */,
				E53788202108715300C0DE44 /* FMHTTPClient.m in Sources */,
				E53787CD2108596000C0DE44 /* AppDelegate.m in Sources */,
				E53787F521085C1200C0DE44 /* UIColor+Category.m in Sources */,
			);
			runOnlyForDeploymentPostprocessing = 0;
		};
/* End PBXSourcesBuildPhase section */

/* Begin PBXVariantGroup section */
		E53787D12108596000C0DE44 /* Main.storyboard */ = {
			isa = PBXVariantGroup;
			children = (
				E53787D22108596000C0DE44 /* Base */,
			);
			name = Main.storyboard;
			sourceTree = "<group>";
		};
		E53787D62108596300C0DE44 /* LaunchScreen.storyboard */ = {
			isa = PBXVariantGroup;
			children = (
				E53787D72108596300C0DE44 /* Base */,
			);
			name = LaunchScreen.storyboard;
			sourceTree = "<group>";
		};
/* End PBXVariantGroup section */

/* Begin XCBuildConfiguration section */
		E53787DC2108596400C0DE44 /* Debug */ = {
			isa = XCBuildConfiguration;
			buildSettings = {
				ALWAYS_SEARCH_USER_PATHS = NO;
				CLANG_ANALYZER_NONNULL = YES;
				CLANG_ANALYZER_NUMBER_OBJECT_CONVERSION = YES_AGGRESSIVE;
				CLANG_CXX_LANGUAGE_STANDARD = "gnu++14";
				CLANG_CXX_LIBRARY = "libc++";
				CLANG_ENABLE_MODULES = YES;
				CLANG_ENABLE_OBJC_ARC = YES;
				CLANG_ENABLE_OBJC_WEAK = YES;
				CLANG_WARN_BLOCK_CAPTURE_AUTORELEASING = YES;
				CLANG_WARN_BOOL_CONVERSION = YES;
				CLANG_WARN_COMMA = YES;
				CLANG_WARN_CONSTANT_CONVERSION = YES;
				CLANG_WARN_DEPRECATED_OBJC_IMPLEMENTATIONS = YES;
				CLANG_WARN_DIRECT_OBJC_ISA_USAGE = YES_ERROR;
				CLANG_WARN_DOCUMENTATION_COMMENTS = YES;
				CLANG_WARN_EMPTY_BODY = YES;
				CLANG_WARN_ENUM_CONVERSION = YES;
				CLANG_WARN_INFINITE_RECURSION = YES;
				CLANG_WARN_INT_CONVERSION = YES;
				CLANG_WARN_NON_LITERAL_NULL_CONVERSION = YES;
				CLANG_WARN_OBJC_IMPLICIT_RETAIN_SELF = YES;
				CLANG_WARN_OBJC_LITERAL_CONVERSION = YES;
				CLANG_WARN_OBJC_ROOT_CLASS = YES_ERROR;
				CLANG_WARN_RANGE_LOOP_ANALYSIS = YES;
				CLANG_WARN_STRICT_PROTOTYPES = YES;
				CLANG_WARN_SUSPICIOUS_MOVE = YES;
				CLANG_WARN_UNGUARDED_AVAILABILITY = YES_AGGRESSIVE;
				CLANG_WARN_UNREACHABLE_CODE = YES;
				CLANG_WARN__DUPLICATE_METHOD_MATCH = YES;
				CODE_SIGN_IDENTITY = "iPhone Developer";
				COPY_PHASE_STRIP = NO;
				DEBUG_INFORMATION_FORMAT = dwarf;
				ENABLE_STRICT_OBJC_MSGSEND = YES;
				ENABLE_TESTABILITY = YES;
				GCC_C_LANGUAGE_STANDARD = gnu11;
				GCC_DYNAMIC_NO_PIC = NO;
				GCC_NO_COMMON_BLOCKS = YES;
				GCC_OPTIMIZATION_LEVEL = 0;
				GCC_PREPROCESSOR_DEFINITIONS = (
					"DEBUG=1",
					"$(inherited)",
				);
				GCC_WARN_64_TO_32_BIT_CONVERSION = YES;
				GCC_WARN_ABOUT_RETURN_TYPE = YES_ERROR;
				GCC_WARN_UNDECLARED_SELECTOR = YES;
				GCC_WARN_UNINITIALIZED_AUTOS = YES_AGGRESSIVE;
				GCC_WARN_UNUSED_FUNCTION = YES;
				GCC_WARN_UNUSED_VARIABLE = YES;
				IPHONEOS_DEPLOYMENT_TARGET = 11.3;
				MTL_ENABLE_DEBUG_INFO = YES;
				ONLY_ACTIVE_ARCH = YES;
				SDKROOT = iphoneos;
			};
			name = Debug;
		};
		E53787DD2108596400C0DE44 /* Release */ = {
			isa = XCBuildConfiguration;
			buildSettings = {
				ALWAYS_SEARCH_USER_PATHS = NO;
				CLANG_ANALYZER_NONNULL = YES;
				CLANG_ANALYZER_NUMBER_OBJECT_CONVERSION = YES_AGGRESSIVE;
				CLANG_CXX_LANGUAGE_STANDARD = "gnu++14";
				CLANG_CXX_LIBRARY = "libc++";
				CLANG_ENABLE_MODULES = YES;
				CLANG_ENABLE_OBJC_ARC = YES;
				CLANG_ENABLE_OBJC_WEAK = YES;
				CLANG_WARN_BLOCK_CAPTURE_AUTORELEASING = YES;
				CLANG_WARN_BOOL_CONVERSION = YES;
				CLANG_WARN_COMMA = YES;
				CLANG_WARN_CONSTANT_CONVERSION = YES;
				CLANG_WARN_DEPRECATED_OBJC_IMPLEMENTATIONS = YES;
				CLANG_WARN_DIRECT_OBJC_ISA_USAGE = YES_ERROR;
				CLANG_WARN_DOCUMENTATION_COMMENTS = YES;
				CLANG_WARN_EMPTY_BODY = YES;
				CLANG_WARN_ENUM_CONVERSION = YES;
				CLANG_WARN_INFINITE_RECURSION = YES;
				CLANG_WARN_INT_CONVERSION = YES;
				CLANG_WARN_NON_LITERAL_NULL_CONVERSION = YES;
				CLANG_WARN_OBJC_IMPLICIT_RETAIN_SELF = YES;
				CLANG_WARN_OBJC_LITERAL_CONVERSION = YES;
				CLANG_WARN_OBJC_ROOT_CLASS = YES_ERROR;
				CLANG_WARN_RANGE_LOOP_ANALYSIS = YES;
				CLANG_WARN_STRICT_PROTOTYPES = YES;
				CLANG_WARN_SUSPICIOUS_MOVE = YES;
				CLANG_WARN_UNGUARDED_AVAILABILITY = YES_AGGRESSIVE;
				CLANG_WARN_UNREACHABLE_CODE = YES;
				CLANG_WARN__DUPLICATE_METHOD_MATCH = YES;
				CODE_SIGN_IDENTITY = "iPhone Developer";
				COPY_PHASE_STRIP = NO;
				DEBUG_INFORMATION_FORMAT = "dwarf-with-dsym";
				ENABLE_NS_ASSERTIONS = NO;
				ENABLE_STRICT_OBJC_MSGSEND = YES;
				GCC_C_LANGUAGE_STANDARD = gnu11;
				GCC_NO_COMMON_BLOCKS = YES;
				GCC_WARN_64_TO_32_BIT_CONVERSION = YES;
				GCC_WARN_ABOUT_RETURN_TYPE = YES_ERROR;
				GCC_WARN_UNDECLARED_SELECTOR = YES;
				GCC_WARN_UNINITIALIZED_AUTOS = YES_AGGRESSIVE;
				GCC_WARN_UNUSED_FUNCTION = YES;
				GCC_WARN_UNUSED_VARIABLE = YES;
				IPHONEOS_DEPLOYMENT_TARGET = 11.3;
				MTL_ENABLE_DEBUG_INFO = NO;
				SDKROOT = iphoneos;
				VALIDATE_PRODUCT = YES;
			};
			name = Release;
		};
		E53787DF2108596400C0DE44 /* Debug */ = {
			isa = XCBuildConfiguration;
			baseConfigurationReference = 1A4E206E0B3E8A73A2835178 /* Pods-BaseObject.debug.xcconfig */;
			buildSettings = {
				ASSETCATALOG_COMPILER_APPICON_NAME = AppIcon;
				CODE_SIGN_STYLE = Automatic;
				GCC_PRECOMPILE_PREFIX_HEADER = YES;
				GCC_PREFIX_HEADER = "$(SRCROOT)/BaseObject/PrefixHeader.pch";
				INFOPLIST_FILE = BaseObject/Info.plist;
				LD_RUNPATH_SEARCH_PATHS = (
					"$(inherited)",
					"@executable_path/Frameworks",
				);
				PRODUCT_BUNDLE_IDENTIFIER = "-.BaseObject";
				PRODUCT_NAME = "$(TARGET_NAME)";
				TARGETED_DEVICE_FAMILY = "1,2";
			};
			name = Debug;
		};
		E53787E02108596400C0DE44 /* Release */ = {
			isa = XCBuildConfiguration;
			baseConfigurationReference = 86746219806DDB59F0C90635 /* Pods-BaseObject.release.xcconfig */;
			buildSettings = {
				ASSETCATALOG_COMPILER_APPICON_NAME = AppIcon;
				CODE_SIGN_STYLE = Automatic;
				GCC_PRECOMPILE_PREFIX_HEADER = YES;
				GCC_PREFIX_HEADER = "$(SRCROOT)/BaseObject/PrefixHeader.pch";
				INFOPLIST_FILE = BaseObject/Info.plist;
				LD_RUNPATH_SEARCH_PATHS = (
					"$(inherited)",
					"@executable_path/Frameworks",
				);
				PRODUCT_BUNDLE_IDENTIFIER = "-.BaseObject";
				PRODUCT_NAME = "$(TARGET_NAME)";
				TARGETED_DEVICE_FAMILY = "1,2";
			};
			name = Release;
		};
/* End XCBuildConfiguration section */

/* Begin XCConfigurationList section */
		E53787C32108596000C0DE44 /* Build configuration list for PBXProject "BaseObject" */ = {
			isa = XCConfigurationList;
			buildConfigurations = (
				E53787DC2108596400C0DE44 /* Debug */,
				E53787DD2108596400C0DE44 /* Release */,
			);
			defaultConfigurationIsVisible = 0;
			defaultConfigurationName = Release;
		};
		E53787DE2108596400C0DE44 /* Build configuration list for PBXNativeTarget "BaseObject" */ = {
			isa = XCConfigurationList;
			buildConfigurations = (
				E53787DF2108596400C0DE44 /* Debug */,
				E53787E02108596400C0DE44 /* Release */,
			);
			defaultConfigurationIsVisible = 0;
			defaultConfigurationName = Release;
		};
/* End XCConfigurationList section */
	};
	rootObject = E53787C02108596000C0DE44 /* Project object */;
}
